
Microsoft Visual Studio Solution File, Format Version 12.00
# Visual Studio Version 17
VisualStudioVersion = 17.3.32901.215
MinimumVisualStudioVersion = 10.0.40219.1
Project("{FAE04EC0-301F-11D3-BF4B-00C04F79EFBC}") = "Projet_C", "Projet_C\Projet_C.csproj", "{CF8FDB22-BC27-4C84-87DE-7D1ECA660315}"
EndProject
Global
	GlobalSection(SolutionConfigurationPlatforms) = preSolution
		Debug|Any CPU = Debug|Any CPU
		Release|Any CPU = Release|Any CPU
	EndGlobalSection
	GlobalSection(ProjectConfigurationPlatforms) = postSolution
		{CF8FDB22-BC27-4C84-87DE-7D1ECA660315}.Debug|Any CPU.ActiveCfg = Debug|Any CPU
		{CF8FDB22-BC27-4C84-87DE-7D1ECA660315}.Debug|Any CPU.Build.0 = Debug|Any CPU
		{CF8FDB22-BC27-4C84-87DE-7D1ECA660315}.Release|Any CPU.ActiveCfg = Release|Any CPU
		{CF8FDB22-BC27-4C84-87DE-7D1ECA660315}.Release|Any CPU.Build.0 = Release|Any CPU
	EndGlobalSection
	GlobalSection(SolutionProperties) = preSolution
		HideSolutionNode = FALSE
	EndGlobalSection
	GlobalSection(ExtensibilityGlobals) = postSolution
		SolutionGuid = {56769A42-88F7-4132-8AF9-8370EED3F387}
	EndGlobalSection
EndGlobal
